// !$*UTF8*$!
{
	archiveVersion = 1;
	classes = {
	};
	objectVersion = 46;
	objects = {

/* Begin PBXBuildFile section */
		120BE3631CFD4F7C007A7208 /* AppDelegate.swift in Sources */ = {isa = PBXBuildFile; fileRef = 120BE3621CFD4F7C007A7208 /* AppDelegate.swift */; };
		120BE3651CFD4F7C007A7208 /* ViewController.swift in Sources */ = {isa = PBXBuildFile; fileRef = 120BE3641CFD4F7C007A7208 /* ViewController.swift */; };
		120BE3681CFD4F7C007A7208 /* Main.storyboard in Resources */ = {isa = PBXBuildFile; fileRef = 120BE3661CFD4F7C007A7208 /* Main.storyboard */; };
		120BE36B1CFD4F7C007A7208 /* UniversalApp.xcdatamodeld in Sources */ = {isa = PBXBuildFile; fileRef = 120BE3691CFD4F7C007A7208 /* UniversalApp.xcdatamodeld */; };
		120BE36D1CFD4F7C007A7208 /* Assets.xcassets in Resources */ = {isa = PBXBuildFile; fileRef = 120BE36C1CFD4F7C007A7208 /* Assets.xcassets */; };
		120BE3701CFD4F7C007A7208 /* LaunchScreen.storyboard in Resources */ = {isa = PBXBuildFile; fileRef = 120BE36E1CFD4F7C007A7208 /* LaunchScreen.storyboard */; };
		120BE37B1CFD4F7D007A7208 /* UniversalAppTests.swift in Sources */ = {isa = PBXBuildFile; fileRef = 120BE37A1CFD4F7D007A7208 /* UniversalAppTests.swift */; };
		120BE3861CFD4F7D007A7208 /* UniversalAppUITests.swift in Sources */ = {isa = PBXBuildFile; fileRef = 120BE3851CFD4F7D007A7208 /* UniversalAppUITests.swift */; };
		120BE3951CFD5F78007A7208 /* FoodBody_final.pdf in Resources */ = {isa = PBXBuildFile; fileRef = 120BE3941CFD5F78007A7208 /* FoodBody_final.pdf */; };
		120BE39F1CFD606C007A7208 /* Roboto-Black.ttf in Resources */ = {isa = PBXBuildFile; fileRef = 120BE3971CFD603F007A7208 /* Roboto-Black.ttf */; };
		120BE3A01CFD606C007A7208 /* Roboto-Bold.ttf in Resources */ = {isa = PBXBuildFile; fileRef = 120BE3981CFD603F007A7208 /* Roboto-Bold.ttf */; };
		120BE3A11CFD606C007A7208 /* Roboto-Italic.ttf in Resources */ = {isa = PBXBuildFile; fileRef = 120BE3991CFD603F007A7208 /* Roboto-Italic.ttf */; };
		120BE3A21CFD606C007A7208 /* Roboto-Light.ttf in Resources */ = {isa = PBXBuildFile; fileRef = 120BE39A1CFD603F007A7208 /* Roboto-Light.ttf */; };
		120BE3A31CFD606C007A7208 /* Roboto-Medium.ttf in Resources */ = {isa = PBXBuildFile; fileRef = 120BE39B1CFD603F007A7208 /* Roboto-Medium.ttf */; };
		120BE3A41CFD606C007A7208 /* Roboto-Regular.ttf in Resources */ = {isa = PBXBuildFile; fileRef = 120BE39C1CFD603F007A7208 /* Roboto-Regular.ttf */; };
		120BE3A51CFD606C007A7208 /* RobotoCondensed-Bold.ttf in Resources */ = {isa = PBXBuildFile; fileRef = 120BE39D1CFD603F007A7208 /* RobotoCondensed-Bold.ttf */; };
		120BE3A61CFD606C007A7208 /* RobotoCondensed-Light.ttf in Resources */ = {isa = PBXBuildFile; fileRef = 120BE39E1CFD603F007A7208 /* RobotoCondensed-Light.ttf */; };
		A9B009EB1D02C08300617EF3 /* LoginViewController.swift in Sources */ = {isa = PBXBuildFile; fileRef = A9B009EA1D02C08300617EF3 /* LoginViewController.swift */; };
		A9B009F11D02DB7700617EF3 /* YogaViewController.swift in Sources */ = {isa = PBXBuildFile; fileRef = A9B009F01D02DB7700617EF3 /* YogaViewController.swift */; };
		A9B009F31D02DB8100617EF3 /* BlogViewController.swift in Sources */ = {isa = PBXBuildFile; fileRef = A9B009F21D02DB8100617EF3 /* BlogViewController.swift */; };
		A9B009F51D02DB9000617EF3 /* BookViewController.swift in Sources */ = {isa = PBXBuildFile; fileRef = A9B009F41D02DB9000617EF3 /* BookViewController.swift */; };
		A9B009F71D02DBA600617EF3 /* ShareViewController.swift in Sources */ = {isa = PBXBuildFile; fileRef = A9B009F61D02DBA600617EF3 /* ShareViewController.swift */; };
		AA11729C1D0808720047FD0C /* FBSDKCoreKit.framework in Frameworks */ = {isa = PBXBuildFile; fileRef = AA1172991D0808720047FD0C /* FBSDKCoreKit.framework */; };
		AA11729D1D0808720047FD0C /* FBSDKLoginKit.framework in Frameworks */ = {isa = PBXBuildFile; fileRef = AA11729A1D0808720047FD0C /* FBSDKLoginKit.framework */; };
		AA11729E1D0808720047FD0C /* FBSDKShareKit.framework in Frameworks */ = {isa = PBXBuildFile; fileRef = AA11729B1D0808720047FD0C /* FBSDKShareKit.framework */; };
		AA192D731D0825E00053E973 /* YogaTableViewCell.swift in Sources */ = {isa = PBXBuildFile; fileRef = AA192D721D0825E00053E973 /* YogaTableViewCell.swift */; };
		AA192D7D1D0859C90053E973 /* YTPlayerView.m in Sources */ = {isa = PBXBuildFile; fileRef = AA192D7C1D0859C90053E973 /* YTPlayerView.m */; };
		AA192D7F1D085A5E0053E973 /* PlayerViewController.swift in Sources */ = {isa = PBXBuildFile; fileRef = AA192D7E1D085A5E0053E973 /* PlayerViewController.swift */; };
		AA192D811D08605B0053E973 /* Assets.bundle in Resources */ = {isa = PBXBuildFile; fileRef = AA192D801D08605B0053E973 /* Assets.bundle */; };
		AA4C56EB1CFD7FB300FF3597 /* AutoLayoutDSL-Swift.swift in Sources */ = {isa = PBXBuildFile; fileRef = AA4C56EA1CFD7FB300FF3597 /* AutoLayoutDSL-Swift.swift */; };
		AA4C56ED1CFD811E00FF3597 /* CXConstant.swift in Sources */ = {isa = PBXBuildFile; fileRef = AA4C56EC1CFD811E00FF3597 /* CXConstant.swift */; };
		AA5C6F921CFEBFA90089790A /* LoginPageViewController.swift in Sources */ = {isa = PBXBuildFile; fileRef = AA5C6F911CFEBFA90089790A /* LoginPageViewController.swift */; };
/* End PBXBuildFile section */

/* Begin PBXContainerItemProxy section */
		120BE3771CFD4F7D007A7208 /* PBXContainerItemProxy */ = {
			isa = PBXContainerItemProxy;
			containerPortal = 120BE3571CFD4F7C007A7208 /* Project object */;
			proxyType = 1;
			remoteGlobalIDString = 120BE35E1CFD4F7C007A7208;
			remoteInfo = UniversalApp;
		};
		120BE3821CFD4F7D007A7208 /* PBXContainerItemProxy */ = {
			isa = PBXContainerItemProxy;
			containerPortal = 120BE3571CFD4F7C007A7208 /* Project object */;
			proxyType = 1;
			remoteGlobalIDString = 120BE35E1CFD4F7C007A7208;
			remoteInfo = UniversalApp;
		};
/* End PBXContainerItemProxy section */

/* Begin PBXFileReference section */
		120BE35F1CFD4F7C007A7208 /* UniversalApp.app */ = {isa = PBXFileReference; explicitFileType = wrapper.application; includeInIndex = 0; path = UniversalApp.app; sourceTree = BUILT_PRODUCTS_DIR; };
		120BE3621CFD4F7C007A7208 /* AppDelegate.swift */ = {isa = PBXFileReference; lastKnownFileType = sourcecode.swift; path = AppDelegate.swift; sourceTree = "<group>"; };
		120BE3641CFD4F7C007A7208 /* ViewController.swift */ = {isa = PBXFileReference; lastKnownFileType = sourcecode.swift; path = ViewController.swift; sourceTree = "<group>"; };
		120BE3671CFD4F7C007A7208 /* Base */ = {isa = PBXFileReference; lastKnownFileType = file.storyboard; name = Base; path = Base.lproj/Main.storyboard; sourceTree = "<group>"; };
		120BE36A1CFD4F7C007A7208 /* UniversalApp.xcdatamodel */ = {isa = PBXFileReference; lastKnownFileType = wrapper.xcdatamodel; path = UniversalApp.xcdatamodel; sourceTree = "<group>"; };
		120BE36C1CFD4F7C007A7208 /* Assets.xcassets */ = {isa = PBXFileReference; lastKnownFileType = folder.assetcatalog; path = Assets.xcassets; sourceTree = "<group>"; };
		120BE36F1CFD4F7C007A7208 /* Base */ = {isa = PBXFileReference; lastKnownFileType = file.storyboard; name = Base; path = Base.lproj/LaunchScreen.storyboard; sourceTree = "<group>"; };
		120BE3711CFD4F7C007A7208 /* Info.plist */ = {isa = PBXFileReference; lastKnownFileType = text.plist.xml; path = Info.plist; sourceTree = "<group>"; };
		120BE3761CFD4F7D007A7208 /* UniversalAppTests.xctest */ = {isa = PBXFileReference; explicitFileType = wrapper.cfbundle; includeInIndex = 0; path = UniversalAppTests.xctest; sourceTree = BUILT_PRODUCTS_DIR; };
		120BE37A1CFD4F7D007A7208 /* UniversalAppTests.swift */ = {isa = PBXFileReference; lastKnownFileType = sourcecode.swift; path = UniversalAppTests.swift; sourceTree = "<group>"; };
		120BE37C1CFD4F7D007A7208 /* Info.plist */ = {isa = PBXFileReference; lastKnownFileType = text.plist.xml; path = Info.plist; sourceTree = "<group>"; };
		120BE3811CFD4F7D007A7208 /* UniversalAppUITests.xctest */ = {isa = PBXFileReference; explicitFileType = wrapper.cfbundle; includeInIndex = 0; path = UniversalAppUITests.xctest; sourceTree = BUILT_PRODUCTS_DIR; };
		120BE3851CFD4F7D007A7208 /* UniversalAppUITests.swift */ = {isa = PBXFileReference; lastKnownFileType = sourcecode.swift; path = UniversalAppUITests.swift; sourceTree = "<group>"; };
		120BE3871CFD4F7D007A7208 /* Info.plist */ = {isa = PBXFileReference; lastKnownFileType = text.plist.xml; path = Info.plist; sourceTree = "<group>"; };
		120BE3941CFD5F78007A7208 /* FoodBody_final.pdf */ = {isa = PBXFileReference; lastKnownFileType = image.pdf; path = FoodBody_final.pdf; sourceTree = "<group>"; };
		120BE3971CFD603F007A7208 /* Roboto-Black.ttf */ = {isa = PBXFileReference; lastKnownFileType = file; path = "Roboto-Black.ttf"; sourceTree = "<group>"; };
		120BE3981CFD603F007A7208 /* Roboto-Bold.ttf */ = {isa = PBXFileReference; lastKnownFileType = file; path = "Roboto-Bold.ttf"; sourceTree = "<group>"; };
		120BE3991CFD603F007A7208 /* Roboto-Italic.ttf */ = {isa = PBXFileReference; lastKnownFileType = file; path = "Roboto-Italic.ttf"; sourceTree = "<group>"; };
		120BE39A1CFD603F007A7208 /* Roboto-Light.ttf */ = {isa = PBXFileReference; lastKnownFileType = file; path = "Roboto-Light.ttf"; sourceTree = "<group>"; };
		120BE39B1CFD603F007A7208 /* Roboto-Medium.ttf */ = {isa = PBXFileReference; lastKnownFileType = file; path = "Roboto-Medium.ttf"; sourceTree = "<group>"; };
		120BE39C1CFD603F007A7208 /* Roboto-Regular.ttf */ = {isa = PBXFileReference; lastKnownFileType = file; path = "Roboto-Regular.ttf"; sourceTree = "<group>"; };
		120BE39D1CFD603F007A7208 /* RobotoCondensed-Bold.ttf */ = {isa = PBXFileReference; lastKnownFileType = file; path = "RobotoCondensed-Bold.ttf"; sourceTree = "<group>"; };
		120BE39E1CFD603F007A7208 /* RobotoCondensed-Light.ttf */ = {isa = PBXFileReference; lastKnownFileType = file; path = "RobotoCondensed-Light.ttf"; sourceTree = "<group>"; };
		120BE3A71CFD62F0007A7208 /* UniversalApp-Bridging-Header.h */ = {isa = PBXFileReference; lastKnownFileType = sourcecode.c.h; path = "UniversalApp-Bridging-Header.h"; sourceTree = "<group>"; };
		A9B009EA1D02C08300617EF3 /* LoginViewController.swift */ = {isa = PBXFileReference; fileEncoding = 4; lastKnownFileType = sourcecode.swift; path = LoginViewController.swift; sourceTree = "<group>"; };
		A9B009F01D02DB7700617EF3 /* YogaViewController.swift */ = {isa = PBXFileReference; fileEncoding = 4; lastKnownFileType = sourcecode.swift; path = YogaViewController.swift; sourceTree = "<group>"; };
		A9B009F21D02DB8100617EF3 /* BlogViewController.swift */ = {isa = PBXFileReference; fileEncoding = 4; lastKnownFileType = sourcecode.swift; path = BlogViewController.swift; sourceTree = "<group>"; };
		A9B009F41D02DB9000617EF3 /* BookViewController.swift */ = {isa = PBXFileReference; fileEncoding = 4; lastKnownFileType = sourcecode.swift; path = BookViewController.swift; sourceTree = "<group>"; };
		A9B009F61D02DBA600617EF3 /* ShareViewController.swift */ = {isa = PBXFileReference; fileEncoding = 4; lastKnownFileType = sourcecode.swift; path = ShareViewController.swift; sourceTree = "<group>"; };
		AA1172991D0808720047FD0C /* FBSDKCoreKit.framework */ = {isa = PBXFileReference; lastKnownFileType = wrapper.framework; path = FBSDKCoreKit.framework; sourceTree = "<group>"; };
		AA11729A1D0808720047FD0C /* FBSDKLoginKit.framework */ = {isa = PBXFileReference; lastKnownFileType = wrapper.framework; path = FBSDKLoginKit.framework; sourceTree = "<group>"; };
		AA11729B1D0808720047FD0C /* FBSDKShareKit.framework */ = {isa = PBXFileReference; lastKnownFileType = wrapper.framework; path = FBSDKShareKit.framework; sourceTree = "<group>"; };
		AA192D721D0825E00053E973 /* YogaTableViewCell.swift */ = {isa = PBXFileReference; fileEncoding = 4; lastKnownFileType = sourcecode.swift; path = YogaTableViewCell.swift; sourceTree = "<group>"; };
		AA192D7B1D0859C90053E973 /* YTPlayerView.h */ = {isa = PBXFileReference; fileEncoding = 4; lastKnownFileType = sourcecode.c.h; path = YTPlayerView.h; sourceTree = "<group>"; };
		AA192D7C1D0859C90053E973 /* YTPlayerView.m */ = {isa = PBXFileReference; fileEncoding = 4; lastKnownFileType = sourcecode.c.objc; path = YTPlayerView.m; sourceTree = "<group>"; };
		AA192D7E1D085A5E0053E973 /* PlayerViewController.swift */ = {isa = PBXFileReference; fileEncoding = 4; lastKnownFileType = sourcecode.swift; path = PlayerViewController.swift; sourceTree = "<group>"; };
		AA192D801D08605B0053E973 /* Assets.bundle */ = {isa = PBXFileReference; lastKnownFileType = "wrapper.plug-in"; path = Assets.bundle; sourceTree = "<group>"; };
		AA4C56EA1CFD7FB300FF3597 /* AutoLayoutDSL-Swift.swift */ = {isa = PBXFileReference; fileEncoding = 4; lastKnownFileType = sourcecode.swift; path = "AutoLayoutDSL-Swift.swift"; sourceTree = "<group>"; };
		AA4C56EC1CFD811E00FF3597 /* CXConstant.swift */ = {isa = PBXFileReference; fileEncoding = 4; lastKnownFileType = sourcecode.swift; path = CXConstant.swift; sourceTree = "<group>"; };
		AA5C6F911CFEBFA90089790A /* LoginPageViewController.swift */ = {isa = PBXFileReference; fileEncoding = 4; lastKnownFileType = sourcecode.swift; path = LoginPageViewController.swift; sourceTree = "<group>"; };
/* End PBXFileReference section */

/* Begin PBXFrameworksBuildPhase section */
		120BE35C1CFD4F7C007A7208 /* Frameworks */ = {
			isa = PBXFrameworksBuildPhase;
			buildActionMask = 2147483647;
			files = (
				AA11729D1D0808720047FD0C /* FBSDKLoginKit.framework in Frameworks */,
				AA11729C1D0808720047FD0C /* FBSDKCoreKit.framework in Frameworks */,
				AA11729E1D0808720047FD0C /* FBSDKShareKit.framework in Frameworks */,
			);
			runOnlyForDeploymentPostprocessing = 0;
		};
		120BE3731CFD4F7D007A7208 /* Frameworks */ = {
			isa = PBXFrameworksBuildPhase;
			buildActionMask = 2147483647;
			files = (
			);
			runOnlyForDeploymentPostprocessing = 0;
		};
		120BE37E1CFD4F7D007A7208 /* Frameworks */ = {
			isa = PBXFrameworksBuildPhase;
			buildActionMask = 2147483647;
			files = (
			);
			runOnlyForDeploymentPostprocessing = 0;
		};
/* End PBXFrameworksBuildPhase section */

/* Begin PBXGroup section */
		120BE3561CFD4F7B007A7208 = {
			isa = PBXGroup;
			children = (
				120BE3611CFD4F7C007A7208 /* UniversalApp */,
				120BE3791CFD4F7D007A7208 /* UniversalAppTests */,
				120BE3841CFD4F7D007A7208 /* UniversalAppUITests */,
				120BE3601CFD4F7C007A7208 /* Products */,
			);
			sourceTree = "<group>";
		};
		120BE3601CFD4F7C007A7208 /* Products */ = {
			isa = PBXGroup;
			children = (
				120BE35F1CFD4F7C007A7208 /* UniversalApp.app */,
				120BE3761CFD4F7D007A7208 /* UniversalAppTests.xctest */,
				120BE3811CFD4F7D007A7208 /* UniversalAppUITests.xctest */,
			);
			name = Products;
			sourceTree = "<group>";
		};
		120BE3611CFD4F7C007A7208 /* UniversalApp */ = {
			isa = PBXGroup;
			children = (
				AA1172981D0808400047FD0C /* Facebook */,
				A9B009EF1D02DAB600617EF3 /* TabBarControllers */,
				A9B009E91D02C05D00617EF3 /* ViewController */,
				AA4C56E91CFD7FA200FF3597 /* AutoLayOuts */,
				120BE3931CFD5F61007A7208 /* assets */,
				120BE3621CFD4F7C007A7208 /* AppDelegate.swift */,
				120BE3641CFD4F7C007A7208 /* ViewController.swift */,
				120BE3661CFD4F7C007A7208 /* Main.storyboard */,
				120BE36C1CFD4F7C007A7208 /* Assets.xcassets */,
				120BE36E1CFD4F7C007A7208 /* LaunchScreen.storyboard */,
				120BE3711CFD4F7C007A7208 /* Info.plist */,
				120BE3691CFD4F7C007A7208 /* UniversalApp.xcdatamodeld */,
				120BE3A71CFD62F0007A7208 /* UniversalApp-Bridging-Header.h */,
			);
			path = UniversalApp;
			sourceTree = "<group>";
		};
		120BE3791CFD4F7D007A7208 /* UniversalAppTests */ = {
			isa = PBXGroup;
			children = (
				120BE37A1CFD4F7D007A7208 /* UniversalAppTests.swift */,
				120BE37C1CFD4F7D007A7208 /* Info.plist */,
			);
			path = UniversalAppTests;
			sourceTree = "<group>";
		};
		120BE3841CFD4F7D007A7208 /* UniversalAppUITests */ = {
			isa = PBXGroup;
			children = (
				120BE3851CFD4F7D007A7208 /* UniversalAppUITests.swift */,
				120BE3871CFD4F7D007A7208 /* Info.plist */,
			);
			path = UniversalAppUITests;
			sourceTree = "<group>";
		};
		120BE3931CFD5F61007A7208 /* assets */ = {
			isa = PBXGroup;
			children = (
				AA192D801D08605B0053E973 /* Assets.bundle */,
				AA5C6F8E1CFEB2810089790A /* TutorialViewController */,
				AA4C56EC1CFD811E00FF3597 /* CXConstant.swift */,
				120BE3961CFD602D007A7208 /* Fonts */,
				120BE3941CFD5F78007A7208 /* FoodBody_final.pdf */,
			);
			name = assets;
			sourceTree = "<group>";
		};
		120BE3961CFD602D007A7208 /* Fonts */ = {
			isa = PBXGroup;
			children = (
				120BE3971CFD603F007A7208 /* Roboto-Black.ttf */,
				120BE3981CFD603F007A7208 /* Roboto-Bold.ttf */,
				120BE3991CFD603F007A7208 /* Roboto-Italic.ttf */,
				120BE39A1CFD603F007A7208 /* Roboto-Light.ttf */,
				120BE39B1CFD603F007A7208 /* Roboto-Medium.ttf */,
				120BE39C1CFD603F007A7208 /* Roboto-Regular.ttf */,
				120BE39D1CFD603F007A7208 /* RobotoCondensed-Bold.ttf */,
				120BE39E1CFD603F007A7208 /* RobotoCondensed-Light.ttf */,
			);
			name = Fonts;
			sourceTree = "<group>";
		};
		A9B009E91D02C05D00617EF3 /* ViewController */ = {
			isa = PBXGroup;
			children = (
				A9B009EA1D02C08300617EF3 /* LoginViewController.swift */,
			);
			name = ViewController;
			sourceTree = "<group>";
		};
		A9B009EF1D02DAB600617EF3 /* TabBarControllers */ = {
			isa = PBXGroup;
			children = (
				AA192D7A1D0859770053E973 /* Player */,
				A9B009F01D02DB7700617EF3 /* YogaViewController.swift */,
				A9B009F21D02DB8100617EF3 /* BlogViewController.swift */,
				A9B009F41D02DB9000617EF3 /* BookViewController.swift */,
				A9B009F61D02DBA600617EF3 /* ShareViewController.swift */,
				AA192D721D0825E00053E973 /* YogaTableViewCell.swift */,
			);
			name = TabBarControllers;
			sourceTree = "<group>";
		};
		AA1172981D0808400047FD0C /* Facebook */ = {
			isa = PBXGroup;
			children = (
				AA1172991D0808720047FD0C /* FBSDKCoreKit.framework */,
				AA11729A1D0808720047FD0C /* FBSDKLoginKit.framework */,
				AA11729B1D0808720047FD0C /* FBSDKShareKit.framework */,
			);
			name = Facebook;
			sourceTree = "<group>";
		};
		AA192D7A1D0859770053E973 /* Player */ = {
			isa = PBXGroup;
			children = (
				AA192D7B1D0859C90053E973 /* YTPlayerView.h */,
				AA192D7C1D0859C90053E973 /* YTPlayerView.m */,
				AA192D7E1D085A5E0053E973 /* PlayerViewController.swift */,
			);
			name = Player;
			sourceTree = "<group>";
		};
		AA4C56E91CFD7FA200FF3597 /* AutoLayOuts */ = {
			isa = PBXGroup;
			children = (
				AA4C56EA1CFD7FB300FF3597 /* AutoLayoutDSL-Swift.swift */,
			);
			name = AutoLayOuts;
			sourceTree = "<group>";
		};
		AA5C6F8E1CFEB2810089790A /* TutorialViewController */ = {
			isa = PBXGroup;
			children = (
				AA5C6F911CFEBFA90089790A /* LoginPageViewController.swift */,
			);
			name = TutorialViewController;
			sourceTree = "<group>";
		};
/* End PBXGroup section */

/* Begin PBXNativeTarget section */
		120BE35E1CFD4F7C007A7208 /* UniversalApp */ = {
			isa = PBXNativeTarget;
			buildConfigurationList = 120BE38A1CFD4F7D007A7208 /* Build configuration list for PBXNativeTarget "UniversalApp" */;
			buildPhases = (
				120BE35B1CFD4F7C007A7208 /* Sources */,
				120BE35C1CFD4F7C007A7208 /* Frameworks */,
				120BE35D1CFD4F7C007A7208 /* Resources */,
			);
			buildRules = (
			);
			dependencies = (
			);
			name = UniversalApp;
			productName = UniversalApp;
			productReference = 120BE35F1CFD4F7C007A7208 /* UniversalApp.app */;
			productType = "com.apple.product-type.application";
		};
		120BE3751CFD4F7D007A7208 /* UniversalAppTests */ = {
			isa = PBXNativeTarget;
			buildConfigurationList = 120BE38D1CFD4F7D007A7208 /* Build configuration list for PBXNativeTarget "UniversalAppTests" */;
			buildPhases = (
				120BE3721CFD4F7D007A7208 /* Sources */,
				120BE3731CFD4F7D007A7208 /* Frameworks */,
				120BE3741CFD4F7D007A7208 /* Resources */,
			);
			buildRules = (
			);
			dependencies = (
				120BE3781CFD4F7D007A7208 /* PBXTargetDependency */,
			);
			name = UniversalAppTests;
			productName = UniversalAppTests;
			productReference = 120BE3761CFD4F7D007A7208 /* UniversalAppTests.xctest */;
			productType = "com.apple.product-type.bundle.unit-test";
		};
		120BE3801CFD4F7D007A7208 /* UniversalAppUITests */ = {
			isa = PBXNativeTarget;
			buildConfigurationList = 120BE3901CFD4F7D007A7208 /* Build configuration list for PBXNativeTarget "UniversalAppUITests" */;
			buildPhases = (
				120BE37D1CFD4F7D007A7208 /* Sources */,
				120BE37E1CFD4F7D007A7208 /* Frameworks */,
				120BE37F1CFD4F7D007A7208 /* Resources */,
			);
			buildRules = (
			);
			dependencies = (
				120BE3831CFD4F7D007A7208 /* PBXTargetDependency */,
			);
			name = UniversalAppUITests;
			productName = UniversalAppUITests;
			productReference = 120BE3811CFD4F7D007A7208 /* UniversalAppUITests.xctest */;
			productType = "com.apple.product-type.bundle.ui-testing";
		};
/* End PBXNativeTarget section */

/* Begin PBXProject section */
		120BE3571CFD4F7C007A7208 /* Project object */ = {
			isa = PBXProject;
			attributes = {
				LastSwiftUpdateCheck = 0730;
				LastUpgradeCheck = 0730;
				ORGANIZATIONNAME = "Rama kuppa";
				TargetAttributes = {
					120BE35E1CFD4F7C007A7208 = {
						CreatedOnToolsVersion = 7.3.1;
					};
					120BE3751CFD4F7D007A7208 = {
						CreatedOnToolsVersion = 7.3.1;
						TestTargetID = 120BE35E1CFD4F7C007A7208;
					};
					120BE3801CFD4F7D007A7208 = {
						CreatedOnToolsVersion = 7.3.1;
						TestTargetID = 120BE35E1CFD4F7C007A7208;
					};
				};
			};
			buildConfigurationList = 120BE35A1CFD4F7C007A7208 /* Build configuration list for PBXProject "UniversalApp" */;
			compatibilityVersion = "Xcode 3.2";
			developmentRegion = English;
			hasScannedForEncodings = 0;
			knownRegions = (
				en,
				Base,
			);
			mainGroup = 120BE3561CFD4F7B007A7208;
			productRefGroup = 120BE3601CFD4F7C007A7208 /* Products */;
			projectDirPath = "";
			projectRoot = "";
			targets = (
				120BE35E1CFD4F7C007A7208 /* UniversalApp */,
				120BE3751CFD4F7D007A7208 /* UniversalAppTests */,
				120BE3801CFD4F7D007A7208 /* UniversalAppUITests */,
			);
		};
/* End PBXProject section */

/* Begin PBXResourcesBuildPhase section */
		120BE35D1CFD4F7C007A7208 /* Resources */ = {
			isa = PBXResourcesBuildPhase;
			buildActionMask = 2147483647;
			files = (
				120BE39F1CFD606C007A7208 /* Roboto-Black.ttf in Resources */,
				120BE3A01CFD606C007A7208 /* Roboto-Bold.ttf in Resources */,
				120BE3A11CFD606C007A7208 /* Roboto-Italic.ttf in Resources */,
				120BE3A21CFD606C007A7208 /* Roboto-Light.ttf in Resources */,
				120BE3A31CFD606C007A7208 /* Roboto-Medium.ttf in Resources */,
				AA192D811D08605B0053E973 /* Assets.bundle in Resources */,
				120BE3A41CFD606C007A7208 /* Roboto-Regular.ttf in Resources */,
				120BE3A51CFD606C007A7208 /* RobotoCondensed-Bold.ttf in Resources */,
				120BE3A61CFD606C007A7208 /* RobotoCondensed-Light.ttf in Resources */,
				120BE3701CFD4F7C007A7208 /* LaunchScreen.storyboard in Resources */,
				120BE3951CFD5F78007A7208 /* FoodBody_final.pdf in Resources */,
				120BE36D1CFD4F7C007A7208 /* Assets.xcassets in Resources */,
				120BE3681CFD4F7C007A7208 /* Main.storyboard in Resources */,
			);
			runOnlyForDeploymentPostprocessing = 0;
		};
		120BE3741CFD4F7D007A7208 /* Resources */ = {
			isa = PBXResourcesBuildPhase;
			buildActionMask = 2147483647;
			files = (
			);
			runOnlyForDeploymentPostprocessing = 0;
		};
		120BE37F1CFD4F7D007A7208 /* Resources */ = {
			isa = PBXResourcesBuildPhase;
			buildActionMask = 2147483647;
			files = (
			);
			runOnlyForDeploymentPostprocessing = 0;
		};
/* End PBXResourcesBuildPhase section */

/* Begin PBXSourcesBuildPhase section */
		120BE35B1CFD4F7C007A7208 /* Sources */ = {
			isa = PBXSourcesBuildPhase;
			buildActionMask = 2147483647;
			files = (
				A9B009EB1D02C08300617EF3 /* LoginViewController.swift in Sources */,
				AA192D731D0825E00053E973 /* YogaTableViewCell.swift in Sources */,
				A9B009F71D02DBA600617EF3 /* ShareViewController.swift in Sources */,
				AA192D7F1D085A5E0053E973 /* PlayerViewController.swift in Sources */,
				AA4C56EB1CFD7FB300FF3597 /* AutoLayoutDSL-Swift.swift in Sources */,
				A9B009F11D02DB7700617EF3 /* YogaViewController.swift in Sources */,
				AA192D7D1D0859C90053E973 /* YTPlayerView.m in Sources */,
				120BE3651CFD4F7C007A7208 /* ViewController.swift in Sources */,
				AA4C56ED1CFD811E00FF3597 /* CXConstant.swift in Sources */,
				A9B009F31D02DB8100617EF3 /* BlogViewController.swift in Sources */,
				AA5C6F921CFEBFA90089790A /* LoginPageViewController.swift in Sources */,
				A9B009F51D02DB9000617EF3 /* BookViewController.swift in Sources */,
				120BE3631CFD4F7C007A7208 /* AppDelegate.swift in Sources */,
				120BE36B1CFD4F7C007A7208 /* UniversalApp.xcdatamodeld in Sources */,
			);
			runOnlyForDeploymentPostprocessing = 0;
		};
		120BE3721CFD4F7D007A7208 /* Sources */ = {
			isa = PBXSourcesBuildPhase;
			buildActionMask = 2147483647;
			files = (
				120BE37B1CFD4F7D007A7208 /* UniversalAppTests.swift in Sources */,
			);
			runOnlyForDeploymentPostprocessing = 0;
		};
		120BE37D1CFD4F7D007A7208 /* Sources */ = {
			isa = PBXSourcesBuildPhase;
			buildActionMask = 2147483647;
			files = (
				120BE3861CFD4F7D007A7208 /* UniversalAppUITests.swift in Sources */,
			);
			runOnlyForDeploymentPostprocessing = 0;
		};
/* End PBXSourcesBuildPhase section */

/* Begin PBXTargetDependency section */
		120BE3781CFD4F7D007A7208 /* PBXTargetDependency */ = {
			isa = PBXTargetDependency;
			target = 120BE35E1CFD4F7C007A7208 /* UniversalApp */;
			targetProxy = 120BE3771CFD4F7D007A7208 /* PBXContainerItemProxy */;
		};
		120BE3831CFD4F7D007A7208 /* PBXTargetDependency */ = {
			isa = PBXTargetDependency;
			target = 120BE35E1CFD4F7C007A7208 /* UniversalApp */;
			targetProxy = 120BE3821CFD4F7D007A7208 /* PBXContainerItemProxy */;
		};
/* End PBXTargetDependency section */

/* Begin PBXVariantGroup section */
		120BE3661CFD4F7C007A7208 /* Main.storyboard */ = {
			isa = PBXVariantGroup;
			children = (
				120BE3671CFD4F7C007A7208 /* Base */,
			);
			name = Main.storyboard;
			sourceTree = "<group>";
		};
		120BE36E1CFD4F7C007A7208 /* LaunchScreen.storyboard */ = {
			isa = PBXVariantGroup;
			children = (
				120BE36F1CFD4F7C007A7208 /* Base */,
			);
			name = LaunchScreen.storyboard;
			sourceTree = "<group>";
		};
/* End PBXVariantGroup section */

/* Begin XCBuildConfiguration section */
		120BE3881CFD4F7D007A7208 /* Debug */ = {
			isa = XCBuildConfiguration;
			buildSettings = {
				ALWAYS_SEARCH_USER_PATHS = NO;
				CLANG_ANALYZER_NONNULL = YES;
				CLANG_CXX_LANGUAGE_STANDARD = "gnu++0x";
				CLANG_CXX_LIBRARY = "libc++";
				CLANG_ENABLE_MODULES = YES;
				CLANG_ENABLE_OBJC_ARC = YES;
				CLANG_WARN_BOOL_CONVERSION = YES;
				CLANG_WARN_CONSTANT_CONVERSION = YES;
				CLANG_WARN_DIRECT_OBJC_ISA_USAGE = YES_ERROR;
				CLANG_WARN_EMPTY_BODY = YES;
				CLANG_WARN_ENUM_CONVERSION = YES;
				CLANG_WARN_INT_CONVERSION = YES;
				CLANG_WARN_OBJC_ROOT_CLASS = YES_ERROR;
				CLANG_WARN_UNREACHABLE_CODE = YES;
				CLANG_WARN__DUPLICATE_METHOD_MATCH = YES;
				"CODE_SIGN_IDENTITY[sdk=iphoneos*]" = "iPhone Developer";
				COPY_PHASE_STRIP = NO;
				DEBUG_INFORMATION_FORMAT = dwarf;
				ENABLE_STRICT_OBJC_MSGSEND = YES;
				ENABLE_TESTABILITY = YES;
				GCC_C_LANGUAGE_STANDARD = gnu99;
				GCC_DYNAMIC_NO_PIC = NO;
				GCC_NO_COMMON_BLOCKS = YES;
				GCC_OPTIMIZATION_LEVEL = 0;
				GCC_PREPROCESSOR_DEFINITIONS = (
					"DEBUG=1",
					"$(inherited)",
				);
				GCC_WARN_64_TO_32_BIT_CONVERSION = YES;
				GCC_WARN_ABOUT_RETURN_TYPE = YES_ERROR;
				GCC_WARN_UNDECLARED_SELECTOR = YES;
				GCC_WARN_UNINITIALIZED_AUTOS = YES_AGGRESSIVE;
				GCC_WARN_UNUSED_FUNCTION = YES;
				GCC_WARN_UNUSED_VARIABLE = YES;
				IPHONEOS_DEPLOYMENT_TARGET = 9.3;
				MTL_ENABLE_DEBUG_INFO = YES;
				ONLY_ACTIVE_ARCH = YES;
				SDKROOT = iphoneos;
				SWIFT_OPTIMIZATION_LEVEL = "-Onone";
				TARGETED_DEVICE_FAMILY = "1,2";
			};
			name = Debug;
		};
		120BE3891CFD4F7D007A7208 /* Release */ = {
			isa = XCBuildConfiguration;
			buildSettings = {
				ALWAYS_SEARCH_USER_PATHS = NO;
				CLANG_ANALYZER_NONNULL = YES;
				CLANG_CXX_LANGUAGE_STANDARD = "gnu++0x";
				CLANG_CXX_LIBRARY = "libc++";
				CLANG_ENABLE_MODULES = YES;
				CLANG_ENABLE_OBJC_ARC = YES;
				CLANG_WARN_BOOL_CONVERSION = YES;
				CLANG_WARN_CONSTANT_CONVERSION = YES;
				CLANG_WARN_DIRECT_OBJC_ISA_USAGE = YES_ERROR;
				CLANG_WARN_EMPTY_BODY = YES;
				CLANG_WARN_ENUM_CONVERSION = YES;
				CLANG_WARN_INT_CONVERSION = YES;
				CLANG_WARN_OBJC_ROOT_CLASS = YES_ERROR;
				CLANG_WARN_UNREACHABLE_CODE = YES;
				CLANG_WARN__DUPLICATE_METHOD_MATCH = YES;
				"CODE_SIGN_IDENTITY[sdk=iphoneos*]" = "iPhone Developer";
				COPY_PHASE_STRIP = NO;
				DEBUG_INFORMATION_FORMAT = "dwarf-with-dsym";
				ENABLE_NS_ASSERTIONS = NO;
				ENABLE_STRICT_OBJC_MSGSEND = YES;
				GCC_C_LANGUAGE_STANDARD = gnu99;
				GCC_NO_COMMON_BLOCKS = YES;
				GCC_WARN_64_TO_32_BIT_CONVERSION = YES;
				GCC_WARN_ABOUT_RETURN_TYPE = YES_ERROR;
				GCC_WARN_UNDECLARED_SELECTOR = YES;
				GCC_WARN_UNINITIALIZED_AUTOS = YES_AGGRESSIVE;
				GCC_WARN_UNUSED_FUNCTION = YES;
				GCC_WARN_UNUSED_VARIABLE = YES;
				IPHONEOS_DEPLOYMENT_TARGET = 9.3;
				MTL_ENABLE_DEBUG_INFO = NO;
				SDKROOT = iphoneos;
				TARGETED_DEVICE_FAMILY = "1,2";
				VALIDATE_PRODUCT = YES;
			};
			name = Release;
		};
		120BE38B1CFD4F7D007A7208 /* Debug */ = {
			isa = XCBuildConfiguration;
			buildSettings = {
				ASSETCATALOG_COMPILER_APPICON_NAME = AppIcon;
				CLANG_ENABLE_MODULES = YES;
				FRAMEWORK_SEARCH_PATHS = (
					"$(inherited)",
					"$(PROJECT_DIR)/UniversalApp",
				);
				INFOPLIST_FILE = UniversalApp/Info.plist;
				IPHONEOS_DEPLOYMENT_TARGET = 9.1;
				LD_RUNPATH_SEARCH_PATHS = "$(inherited) @executable_path/Frameworks";
				PRODUCT_BUNDLE_IDENTIFIER = com.ishafoundation;
				PRODUCT_NAME = "$(TARGET_NAME)";
				SWIFT_OBJC_BRIDGING_HEADER = "UniversalApp/UniversalApp-Bridging-Header.h";
				SWIFT_OPTIMIZATION_LEVEL = "-Onone";
			};
			name = Debug;
		};
		120BE38C1CFD4F7D007A7208 /* Release */ = {
			isa = XCBuildConfiguration;
			buildSettings = {
				ASSETCATALOG_COMPILER_APPICON_NAME = AppIcon;
				CLANG_ENABLE_MODULES = YES;
				FRAMEWORK_SEARCH_PATHS = (
					"$(inherited)",
					"$(PROJECT_DIR)/UniversalApp",
				);
				INFOPLIST_FILE = UniversalApp/Info.plist;
				IPHONEOS_DEPLOYMENT_TARGET = 9.1;
				LD_RUNPATH_SEARCH_PATHS = "$(inherited) @executable_path/Frameworks";
				PRODUCT_BUNDLE_IDENTIFIER = com.ishafoundation;
				PRODUCT_NAME = "$(TARGET_NAME)";
				SWIFT_OBJC_BRIDGING_HEADER = "UniversalApp/UniversalApp-Bridging-Header.h";
			};
			name = Release;
		};
		120BE38E1CFD4F7D007A7208 /* Debug */ = {
			isa = XCBuildConfiguration;
			buildSettings = {
				BUNDLE_LOADER = "$(TEST_HOST)";
				INFOPLIST_FILE = UniversalAppTests/Info.plist;
				LD_RUNPATH_SEARCH_PATHS = "$(inherited) @executable_path/Frameworks @loader_path/Frameworks";
				PRODUCT_BUNDLE_IDENTIFIER = com.storeongo.UniversalAppTests;
				PRODUCT_NAME = "$(TARGET_NAME)";
				TEST_HOST = "$(BUILT_PRODUCTS_DIR)/UniversalApp.app/UniversalApp";
			};
			name = Debug;
		};
		120BE38F1CFD4F7D007A7208 /* Release */ = {
			isa = XCBuildConfiguration;
			buildSettings = {
				BUNDLE_LOADER = "$(TEST_HOST)";
				INFOPLIST_FILE = UniversalAppTests/Info.plist;
				LD_RUNPATH_SEARCH_PATHS = "$(inherited) @executable_path/Frameworks @loader_path/Frameworks";
				PRODUCT_BUNDLE_IDENTIFIER = com.storeongo.UniversalAppTests;
				PRODUCT_NAME = "$(TARGET_NAME)";
				TEST_HOST = "$(BUILT_PRODUCTS_DIR)/UniversalApp.app/UniversalApp";
			};
			name = Release;
		};
		120BE3911CFD4F7D007A7208 /* Debug */ = {
			isa = XCBuildConfiguration;
			buildSettings = {
				INFOPLIST_FILE = UniversalAppUITests/Info.plist;
				LD_RUNPATH_SEARCH_PATHS = "$(inherited) @executable_path/Frameworks @loader_path/Frameworks";
				PRODUCT_BUNDLE_IDENTIFIER = com.storeongo.UniversalAppUITests;
				PRODUCT_NAME = "$(TARGET_NAME)";
				TEST_TARGET_NAME = UniversalApp;
			};
			name = Debug;
		};
		120BE3921CFD4F7D007A7208 /* Release */ = {
			isa = XCBuildConfiguration;
			buildSettings = {
				INFOPLIST_FILE = UniversalAppUITests/Info.plist;
				LD_RUNPATH_SEARCH_PATHS = "$(inherited) @executable_path/Frameworks @loader_path/Frameworks";
				PRODUCT_BUNDLE_IDENTIFIER = com.storeongo.UniversalAppUITests;
				PRODUCT_NAME = "$(TARGET_NAME)";
				TEST_TARGET_NAME = UniversalApp;
			};
			name = Release;
		};
/* End XCBuildConfiguration section */

/* Begin XCConfigurationList section */
		120BE35A1CFD4F7C007A7208 /* Build configuration list for PBXProject "UniversalApp" */ = {
			isa = XCConfigurationList;
			buildConfigurations = (
				120BE3881CFD4F7D007A7208 /* Debug */,
				120BE3891CFD4F7D007A7208 /* Release */,
			);
			defaultConfigurationIsVisible = 0;
			defaultConfigurationName = Release;
		};
		120BE38A1CFD4F7D007A7208 /* Build configuration list for PBXNativeTarget "UniversalApp" */ = {
			isa = XCConfigurationList;
			buildConfigurations = (
				120BE38B1CFD4F7D007A7208 /* Debug */,
				120BE38C1CFD4F7D007A7208 /* Release */,
			);
			defaultConfigurationIsVisible = 0;
			defaultConfigurationName = Release;
		};
		120BE38D1CFD4F7D007A7208 /* Build configuration list for PBXNativeTarget "UniversalAppTests" */ = {
			isa = XCConfigurationList;
			buildConfigurations = (
				120BE38E1CFD4F7D007A7208 /* Debug */,
				120BE38F1CFD4F7D007A7208 /* Release */,
			);
			defaultConfigurationIsVisible = 0;
			defaultConfigurationName = Release;
		};
		120BE3901CFD4F7D007A7208 /* Build configuration list for PBXNativeTarget "UniversalAppUITests" */ = {
			isa = XCConfigurationList;
			buildConfigurations = (
				120BE3911CFD4F7D007A7208 /* Debug */,
				120BE3921CFD4F7D007A7208 /* Release */,
			);
			defaultConfigurationIsVisible = 0;
			defaultConfigurationName = Release;
		};
/* End XCConfigurationList section */

/* Begin XCVersionGroup section */
		120BE3691CFD4F7C007A7208 /* UniversalApp.xcdatamodeld */ = {
			isa = XCVersionGroup;
			children = (
				120BE36A1CFD4F7C007A7208 /* UniversalApp.xcdatamodel */,
			);
			currentVersion = 120BE36A1CFD4F7C007A7208 /* UniversalApp.xcdatamodel */;
			path = UniversalApp.xcdatamodeld;
			sourceTree = "<group>";
			versionGroupType = wrapper.xcdatamodel;
		};
/* End XCVersionGroup section */
	};
	rootObject = 120BE3571CFD4F7C007A7208 /* Project object */;
}
